
Microsoft Visual Studio Solution File, Format Version 12.00
# Visual Studio Version 17
VisualStudioVersion = 17.9.34701.34
MinimumVisualStudioVersion = 10.0.40219.1
Project("{FAE04EC0-301F-11D3-BF4B-00C04F79EFBC}") = "ERaceApp", "ERaceApp\ERaceApp.csproj", "{EFD985F8-0F74-422E-A3A7-97AEC083E90E}"
EndProject
Project("{FAE04EC0-301F-11D3-BF4B-00C04F79EFBC}") = "ERaceLibrary", "ERaceLibrary\ERaceLibrary.csproj", "{6AFC6B8C-871B-465B-9976-F4DCDDE6624E}"
EndProject
Global
	GlobalSection(SolutionConfigurationPlatforms) = preSolution
		Debug|Any CPU = Debug|Any CPU
		Release|Any CPU = Release|Any CPU
	EndGlobalSection
	GlobalSection(ProjectConfigurationPlatforms) = postSolution
		{EFD985F8-0F74-422E-A3A7-97AEC083E90E}.Debug|Any CPU.ActiveCfg = Debug|Any CPU
		{EFD985F8-0F74-422E-A3A7-97AEC083E90E}.Debug|Any CPU.Build.0 = Debug|Any CPU
		{EFD985F8-0F74-422E-A3A7-97AEC083E90E}.Release|Any CPU.ActiveCfg = Release|Any CPU
		{EFD985F8-0F74-422E-A3A7-97AEC083E90E}.Release|Any CPU.Build.0 = Release|Any CPU
		{6AFC6B8C-871B-465B-9976-F4DCDDE6624E}.Debug|Any CPU.ActiveCfg = Debug|Any CPU
		{6AFC6B8C-871B-465B-9976-F4DCDDE6624E}.Debug|Any CPU.Build.0 = Debug|Any CPU
		{6AFC6B8C-871B-465B-9976-F4DCDDE6624E}.Release|Any CPU.ActiveCfg = Release|Any CPU
		{6AFC6B8C-871B-465B-9976-F4DCDDE6624E}.Release|Any CPU.Build.0 = Release|Any CPU
	EndGlobalSection
	GlobalSection(SolutionProperties) = preSolution
		HideSolutionNode = FALSE
	EndGlobalSection
	GlobalSection(ExtensibilityGlobals) = postSolution
		SolutionGuid = {B7F0380E-415B-4BF7-A34C-E58E3E4AF9F7}
	EndGlobalSection
EndGlobal
